
Microsoft Visual Studio Solution File, Format Version 12.00
# Visual Studio Version 16
VisualStudioVersion = 16.0.31205.134
MinimumVisualStudioVersion = 10.0.40219.1
Project("{9A19103F-16F7-4668-BE54-9A1E7A4F7556}") = "StudentManagementSystem.Library", "StudentManagementSystem.Library\StudentManagementSystem.Library.csproj", "{009F5057-3496-4767-8C07-1A5B6B0DE1B3}"
EndProject
Project("{9A19103F-16F7-4668-BE54-9A1E7A4F7556}") = "StudentManagementSystem.ConsoleUI", "StudentManagementSystem.ConsoleUI\StudentManagementSystem.ConsoleUI.csproj", "{CD8A1EFB-3FDB-4C0A-8E6C-0BC9939F7BEC}"
EndProject
Project("{FAE04EC0-301F-11D3-BF4B-00C04F79EFBC}") = "StudentManagementSystem.LibraryTest", "StudentManagementSystem.LibraryTest\StudentManagementSystem.LibraryTest.csproj", "{41311E0B-4C32-4AF8-A77F-57490EEF8A85}"
EndProject
Global
	GlobalSection(SolutionConfigurationPlatforms) = preSolution
		Debug|Any CPU = Debug|Any CPU
		Release|Any CPU = Release|Any CPU
	EndGlobalSection
	GlobalSection(ProjectConfigurationPlatforms) = postSolution
		{009F5057-3496-4767-8C07-1A5B6B0DE1B3}.Debug|Any CPU.ActiveCfg = Debug|Any CPU
		{009F5057-3496-4767-8C07-1A5B6B0DE1B3}.Debug|Any CPU.Build.0 = Debug|Any CPU
		{009F5057-3496-4767-8C07-1A5B6B0DE1B3}.Release|Any CPU.ActiveCfg = Release|Any CPU
		{009F5057-3496-4767-8C07-1A5B6B0DE1B3}.Release|Any CPU.Build.0 = Release|Any CPU
		{CD8A1EFB-3FDB-4C0A-8E6C-0BC9939F7BEC}.Debug|Any CPU.ActiveCfg = Debug|Any CPU
		{CD8A1EFB-3FDB-4C0A-8E6C-0BC9939F7BEC}.Debug|Any CPU.Build.0 = Debug|Any CPU
		{CD8A1EFB-3FDB-4C0A-8E6C-0BC9939F7BEC}.Release|Any CPU.ActiveCfg = Release|Any CPU
		{CD8A1EFB-3FDB-4C0A-8E6C-0BC9939F7BEC}.Release|Any CPU.Build.0 = Release|Any CPU
		{41311E0B-4C32-4AF8-A77F-57490EEF8A85}.Debug|Any CPU.ActiveCfg = Debug|Any CPU
		{41311E0B-4C32-4AF8-A77F-57490EEF8A85}.Debug|Any CPU.Build.0 = Debug|Any CPU
		{41311E0B-4C32-4AF8-A77F-57490EEF8A85}.Release|Any CPU.ActiveCfg = Release|Any CPU
		{41311E0B-4C32-4AF8-A77F-57490EEF8A85}.Release|Any CPU.Build.0 = Release|Any CPU
	EndGlobalSection
	GlobalSection(SolutionProperties) = preSolution
		HideSolutionNode = FALSE
	EndGlobalSection
	GlobalSection(ExtensibilityGlobals) = postSolution
		SolutionGuid = {CF4F7C90-3692-4639-85CE-17C86B02E658}
	EndGlobalSection
EndGlobal
